
Microsoft Visual Studio Solution File, Format Version 12.00
# Visual Studio 2015
Project("{FAE04EC0-301F-11D3-BF4B-00C04F79EFBC}") = "4DUser", "4DUser.csproj", "{1F034E7B-B165-787F-45B8-C5A4D929470A}"
EndProject
Project("{FAE04EC0-301F-11D3-BF4B-00C04F79EFBC}") = "4DUser.Editor", "4DUser.Editor.csproj", "{4075A742-27CB-B13F-0164-DCA7DDB5255F}"
EndProject
Global
	GlobalSection(SolutionConfigurationPlatforms) = preSolution
		Debug|Any CPU = Debug|Any CPU
		Release|Any CPU = Release|Any CPU
	EndGlobalSection
	GlobalSection(ProjectConfigurationPlatforms) = postSolution
		{1F034E7B-B165-787F-45B8-C5A4D929470A}.Debug|Any CPU.ActiveCfg = Debug|Any CPU
		{1F034E7B-B165-787F-45B8-C5A4D929470A}.Debug|Any CPU.Build.0 = Debug|Any CPU
		{1F034E7B-B165-787F-45B8-C5A4D929470A}.Release|Any CPU.ActiveCfg = Release|Any CPU
		{1F034E7B-B165-787F-45B8-C5A4D929470A}.Release|Any CPU.Build.0 = Release|Any CPU
		{4075A742-27CB-B13F-0164-DCA7DDB5255F}.Debug|Any CPU.ActiveCfg = Debug|Any CPU
		{4075A742-27CB-B13F-0164-DCA7DDB5255F}.Debug|Any CPU.Build.0 = Debug|Any CPU
		{4075A742-27CB-B13F-0164-DCA7DDB5255F}.Release|Any CPU.ActiveCfg = Release|Any CPU
		{4075A742-27CB-B13F-0164-DCA7DDB5255F}.Release|Any CPU.Build.0 = Release|Any CPU
	EndGlobalSection
	GlobalSection(SolutionProperties) = preSolution
		HideSolutionNode = FALSE
	EndGlobalSection
EndGlobal
